dependencies:
- name: autoscaler
  repository: file://../../../autoscaler/deploy/chart
  version: 0.1.0
- name: simlab-api
  repository: file://../chart
  version: 0.1.0
- name: simlab-web
  repository: file://../../../simlab-web/deploy/chart
  version: 0.1.0
digest: sha256:5e900e2d5d6a746d81ee37f5f27cb425aaa3664469420f3ded009f2169bbf6f2
generated: "2026-09-10T21:54:57.821344315+02:00"
